github.com/creack/pty v1.1.9/go.mod h1:oKZEueFk5CKHvIhNR5MUki03XCEU+Q6VDXinZuGJ33E=
github.com/dadosjusbr/coletores v0.0.0-20210928113650-4c03e4fa3b74 h1:biTIncJC0XYYqAVEJHJRI5dTUgEp9K7AfTrUj9JzvNc=
github.com/dadosjusbr/coletores v0.0.0-20210928113650-4c03e4fa3b74/go.mod h1:m9opDykSJIwaf+veICpleWMranaaWEbx5RNQhKZAgXU=
github.com/dadosjusbr/datapackage v0.0.0-20221212104130-d1a981103f1f h1:HzFTnu39JzUi8zlJ+Yt0IV2uZkWnYlJjsqy5agFaNSM=
github.com/dadosjusbr/datapackage v0.0.0-20221212104130-d1a981103f1f/go.mod h1:o1FghJC46mR+lgHcQWVve/q84/SAd0WVdYMcgq88BBU=
github.com/dadosjusbr/datapackage v0.0.0-20230808200654-76585d61e848 h1:SRUn4gYoG+hF7rz9RNFZrOpXlAdpDbBi+PoT3iyrpnQ=
github.com/dadosjusbr/datapackage v0.0.0-20230808200654-76585d61e848/go.mod h1:o1FghJC46mR+lgHcQWVve/q84/SAd0WVdYMcgq88BBU=
github.com/dadosjusbr/datapackage v0.0.0-20230818123816-40ae9a2f981f h1:d0z2q3Mr+Fe11svtLcy8T0xZUPDnit54oR4EhTUqBys=
github.com/dadosjusbr/datapackage v0.0.0-20230818123816-40ae9a2f981f/go.mod h1:o1FghJC46mR+lgHcQWVve/q84/SAd0WVdYMcgq88BBU=
github.com/dadosjusbr/proto v0.0.0-20221212025627-91c60aa3cd12 h1:ufl8nbCEo6g2VHUbedGy0gYk9Sgrynf9rcnzuSw4TEg=
github.com/dadosjusbr/proto v0.0.0-20221212025627-91c60aa3cd12/go.mod h1:gPA7VxjEmyez/xtln4qBj+tM1NO0/zcw3ryjxTRNSco=
github.com/dadosjusbr/status v0.0.0-20230428151814-b605fe0e598f h1:MHtPcEeoJ4CCOvFDzvYXU2AndoqiIvZdrOjWACaImLA=
github.com/dadosjusbr/status v0.0.0-20230428151814-b605fe0e598f/go.mod h1:7M8ds2L3u+rHuiP+IImNTx7bSlIUz6hXzW0ZTBOeHzw=
github.com/davecgh/go-spew v1.1.1 h1:vj9j/u1bqnvCEfJOwUhtlOARqs3+rkHYY13jYWTU97c=
github.com/frictionlessdata/datapackage-go v1.0.4 h1:B2td8AuRBezuxCtbHStFL9+QoudJ4TC7Ycf4ooPyF8g=
github.com/frictionlessdata/datapackage-go v1.0.4/go.mod h1:bqt5SzFjnpsZNw4kXO4CFIwH9vV5LhEdQikftJ0uJ5M=
github.com/frictionlessdata/tableschema-go v1.5.2 h1:zELnABwto2Q9/nB7EhEf8rDR/ju+CsDI+BhNg6Z0jU8=
github.com/frictionlessdata/tableschema-go v1.5.2/go.mod h1:B+DhLlwjCf6p6FqVkqpdYyAIy7L8jHCaxa2wFaqpYdc=
github.com/gocarina/gocsv v0.0.0-20200827134620-49f5c3fa2b3e/go.mod h1:5YoVOkjYAQumqlV356Hj3xeYh4BdZuLE0/nRkf2NKkI=
github.com/gocarina/gocsv v0.0.0-20221212090504-363f27c9ceb6 h1:lAEpP6OhwgHzSwJrOXZK991hyGmtQSP30abfZ3OmCgw=
github.com/gocarina/gocsv v0.0.0-20221212090504-363f27c9ceb6/go.mod h1:5YoVOkjYAQumqlV356Hj3xeYh4BdZuLE0/nRkf2NKkI=
github.com/golang/protobuf v1.5.0/go.mod h1:FsONVRAS9T7sI+LIUmWTfcYkHO4aIWwzhcaSAoJOfIk=
github.com/golang/protobuf v1.5.2 h1:ROPKBNFfQgOUMifHyP+KYbvpjbdoFNs+aK7DXlji0Tw=
github.com/golang/protobuf v1.5.2/go.mod h1:XVQd3VNwM+JqD3oG2Ue2ip4fOMUkwXdXDdiuN0vRsmY=
github.com/google/go-cmp v0.5.5 h1:Khx7svrCpmxxtHBq5j2mp/xVjsi8hQMfNLvJFAlrGgU=
github.com/google/go-cmp v0.5.5/go.mod h1:v8dTdLbMG2kIc/vJvl+f65V22dbkXbowE6jgT/gNBxE=
github.com/kr/pretty v0.1.0/go.mod h1:dAy3ld7l9f0ibDNOQOHHMYYIIbhfbHSm3C4ZsoJORNo=
github.com/kr/pretty v0.3.0 h1:WgNl7dwNpEZ6jJ9k1snq4pZsg7DOEN8hP9Xw0Tsjwk0=
github.com/kr/pty v1.1.1/go.mod h1:pFQYn66WHrOpPYNljwOMqo10TkYh1fy3cYio2l3bCsQ=
github.com/kr/text v0.1.0/go.mod h1:4Jbv+DJW3UT/LiOwJeYQe1efqtUx/iVham/4vfdArNI=
github.com/kr/text v0.2.0 h1:5Nx0Ya0ZqY2ygV366QzturHI13Jq95ApcVaJBhpS+AY=
github.com/kr/text v0.2.0/go.mod h1:eLer722TekiGuMkidMxC/pM04lWEeraHUUmBw8l2grE=
github.com/matryer/is v0.0.0-20170112134659-c0323ceb4e99/go.mod h1:2fLPjFQM9rhQ15aVEtbuwhJinnOqrmgXPNdZsdwlWXA=
github.com/matryer/is v1.2.0 h1:92UTHpy8CDwaJ08GqLDzhhuixiBUUD1p3AU6PHddz4A=
github.com/pkg/diff v0.0.0-20210226163009-20ebb0f2a09e/go.mod h1:pJLUxLENpZxwdsKMEsNbx1VGcRFpLqf3715MtcvvzbA=
github.com/pmezard/go-difflib v1.0.0 h1:4DBwDE0NGyQoBHbLQYPwSUPoCMWR5BEzIk/f1lZbAQM=
github.com/rogpeppe/go-internal v1.8.1 h1:geMPLpDpQOgVyCg5z5GoRwLHepNdb71NXb67XFkP+Eg=
github.com/rogpeppe/go-internal v1.8.1/go.mod h1:JeRgkft04UBgHMgCIwADu4Pn6Mtm5d4nPKWu0nJ5d+o=
github.com/santhosh-tekuri/jsonschema v1.2.4 h1:hNhW8e7t+H1vgY+1QeEQpveR6D4+OwKPXCfD2aieJis=
github.com/santhosh-tekuri/jsonschema v1.2.4/go.mod h1:TEAUOeZSmIxTTuHatJzrvARHiuO9LYd+cIxzgEHCQI4=
github.com/satori/go.uuid v1.1.0/go.mod h1:dA0hQrYB0VpLJoorglMZABFdXlWrHn1NEOzdhQKdks0=
github.com/satori/go.uuid v1.2.0 h1:0uYX9dsZ2yD7q2RtLRtPSdGDWzjeM3TbMJP9utgA0ww=
github.com/satori/go.uuid v1.2.0/go.mod h1:dA0hQrYB0VpLJoorglMZABFdXlWrHn1NEOzdhQKdks0=
github.com/stretchr/testify v1.7.1 h1:5TQK59W5E3v0r2duFAb7P95B6hEeOyEnHRa8MjYSMTY=
golang.org/x/xerrors v0.0.0-20191204190536-9bdfabe68543 h1:E7g+9GITq07hpfrRu66IVDexMakfv52eLZ2CXBWiKr4=
golang.org/x/xerrors v0.0.0-20191204190536-9bdfabe68543/go.mod h1:I/5z698sn9Ka8TeJc9MKroUUfqBBauWjQqLJ2OPfmY0=
google.golang.org/protobuf v1.26.0-rc.1/go.mod h1:jlhhOSvTdKEhbULTjvd4ARK9grFBp09yW+WbY/TyQbw=
google.golang.org/protobuf v1.26.0/go.mod h1:9q0QmTI4eRPtz6boOQmLYwt+qCgq0jsYwAQnmE0givc=
google.golang.org/protobuf v1.27.1/go.mod h1:9q0QmTI4eRPtz6boOQmLYwt+qCgq0jsYwAQnmE0givc=
google.golang.org/protobuf v1.28.1 h1:d0NfwRgPtno5B1Wa6L2DAG+KivqkdutMf1UhdNx175w=
google.golang.org/protobuf v1.28.1/go.mod h1:HV8QOd/L58Z+nl8r43ehVNZIU/HEI6OcFqwMG9pJV4I=
gopkg.in/check.v1 v1.0.0-20180628173108-788fd7840127/go.mod h1:Co6ibVJAznAaIkqp8huTwlJQCZ016jof/cbN4VW5Yz0=
gopkg.in/check.v1 v1.0.0-20201130134442-10cb98267c6c h1:Hei/4ADfdWqJk1ZMxUNpqntNwaWcugrBjAiHlqqRiVk=
gopkg.in/errgo.v2 v2.1.0/go.mod h1:hNsd1EY+bozCKY1Ytp96fpM3vjJbqLJn88ws8XvfDNI=
gopkg.in/yaml.v3 v3.0.0-20210107192922-496545a6307b h1:h8qDotaEPuJATrMmW04NCwg7v22aHH28wwpauUhK9Oo=
