github.com/dadosjusbr/coletores v0.0.0-20210928113650-4c03e4fa3b74 h1:biTIncJC0XYYqAVEJHJRI5dTUgEp9K7AfTrUj9JzvNc=
github.com/dadosjusbr/coletores v0.0.0-20210928113650-4c03e4fa3b74/go.mod h1:m9opDykSJIwaf+veICpleWMranaaWEbx5RNQhKZAgXU=
github.com/dadosjusbr/datapackage v0.0.0-20220328145154-6a0dc83be3e0 h1:cUHOoaOdscqtbNVPNo9sqyKFy94ZpDO3y1UQPuxm+pI=
github.com/dadosjusbr/datapackage v0.0.0-20220328145154-6a0dc83be3e0/go.mod h1:osoREVGaBhWHFvEPZD1YIKnSzN0muUgvqGDr2MTGcEs=
github.com/dadosjusbr/proto v0.0.0-20220304160723-47e93e9d97b5 h1:T1vX+7BhXkkYRZnRdla0Z8Uu9Emww7x2jNbowmbtOwM=
github.com/dadosjusbr/proto v0.0.0-20220304160723-47e93e9d97b5/go.mod h1:a04KL3nn5wvlJTuoTYggaeokQi3njDyt9L7Ss9EQEJQ=
github.com/davecgh/go-spew v1.1.0 h1:ZDRjVQ15GmhC3fiQ8ni8+OwkZQO4DARzQgrnXU1Liz8=
github.com/davecgh/go-spew v1.1.0/go.mod h1:J7Y8YcW2NihsgmVo/mv3lAwl/skON4iLHjSsI+c5H38=
github.com/frictionlessdata/datapackage-go v0.0.0-20211203133945-d15c67ff953e h1:1XrYXyDcpn65S+aooa1UtMuBIE7VSslNIFS2kbtwuPI=
github.com/frictionlessdata/datapackage-go v0.0.0-20211203133945-d15c67ff953e/go.mod h1:d6CbzM3Xw9JOsz0AemqOX8DJa315xow0hsw6eTgiDKE=
github.com/frictionlessdata/tableschema-go v0.1.5-0.20190521014818-f9bf38926664/go.mod h1:OfuE6zbfQdlwx5q9vf5XWXEGJ0LYZcd9ML3zme5rP3k=
github.com/frictionlessdata/tableschema-go v1.1.3 h1:I6/UYXX2KTzcZrDUcXjIjWMD5gz9kdmua0wFaeIvNSc=
github.com/frictionlessdata/tableschema-go v1.1.3/go.mod h1:OfuE6zbfQdlwx5q9vf5XWXEGJ0LYZcd9ML3zme5rP3k=
github.com/gocarina/gocsv v0.0.0-20200827134620-49f5c3fa2b3e h1:f9zU2ojLUYe8f/uWnetnr0p6TnAGQBCV/WdPKxodBqA=
github.com/gocarina/gocsv v0.0.0-20200827134620-49f5c3fa2b3e/go.mod h1:5YoVOkjYAQumqlV356Hj3xeYh4BdZuLE0/nRkf2NKkI=
github.com/golang/protobuf v1.5.0/go.mod h1:FsONVRAS9T7sI+LIUmWTfcYkHO4aIWwzhcaSAoJOfIk=
github.com/google/go-cmp v0.5.5 h1:Khx7svrCpmxxtHBq5j2mp/xVjsi8hQMfNLvJFAlrGgU=
github.com/google/go-cmp v0.5.5/go.mod h1:v8dTdLbMG2kIc/vJvl+f65V22dbkXbowE6jgT/gNBxE=
github.com/kr/pretty v0.2.1 h1:Fmg33tUaq4/8ym9TJN1x7sLJnHVwhP33CNkpYV/7rwI=
github.com/kr/pretty v0.2.1/go.mod h1:ipq/a2n7PKx3OHsz4KJII5eveXtPO4qwEXGdVfWzfnI=
github.com/kr/pty v1.1.1/go.mod h1:pFQYn66WHrOpPYNljwOMqo10TkYh1fy3cYio2l3bCsQ=
github.com/kr/text v0.1.0 h1:45sCR5RtlFHMR4UwH9sdQ5TC8v0qDQCHnXt+kaKSTVE=
github.com/kr/text v0.1.0/go.mod h1:4Jbv+DJW3UT/LiOwJeYQe1efqtUx/iVham/4vfdArNI=
github.com/matryer/is v0.0.0-20170112134659-c0323ceb4e99/go.mod h1:2fLPjFQM9rhQ15aVEtbuwhJinnOqrmgXPNdZsdwlWXA=
github.com/matryer/is v1.2.0 h1:92UTHpy8CDwaJ08GqLDzhhuixiBUUD1p3AU6PHddz4A=
github.com/matryer/is v1.2.0/go.mod h1:2fLPjFQM9rhQ15aVEtbuwhJinnOqrmgXPNdZsdwlWXA=
github.com/pmezard/go-difflib v1.0.0 h1:4DBwDE0NGyQoBHbLQYPwSUPoCMWR5BEzIk/f1lZbAQM=
github.com/pmezard/go-difflib v1.0.0/go.mod h1:iKH77koFhYxTK1pcRnkKkqfTogsbg7gZNVY4sRDYZ/4=
github.com/santhosh-tekuri/jsonschema v1.2.4 h1:hNhW8e7t+H1vgY+1QeEQpveR6D4+OwKPXCfD2aieJis=
github.com/santhosh-tekuri/jsonschema v1.2.4/go.mod h1:TEAUOeZSmIxTTuHatJzrvARHiuO9LYd+cIxzgEHCQI4=
github.com/satori/go.uuid v1.1.0/go.mod h1:dA0hQrYB0VpLJoorglMZABFdXlWrHn1NEOzdhQKdks0=
github.com/satori/go.uuid v1.2.0 h1:0uYX9dsZ2yD7q2RtLRtPSdGDWzjeM3TbMJP9utgA0ww=
github.com/satori/go.uuid v1.2.0/go.mod h1:dA0hQrYB0VpLJoorglMZABFdXlWrHn1NEOzdhQKdks0=
github.com/stretchr/objx v0.1.0/go.mod h1:HFkY916IF+rwdDfMAkV7OtwuqBVzrE8GR6GFx+wExME=
github.com/stretchr/testify v1.7.1 h1:5TQK59W5E3v0r2duFAb7P95B6hEeOyEnHRa8MjYSMTY=
github.com/stretchr/testify v1.7.1/go.mod h1:6Fq8oRcR53rry900zMqJjRRixrwX3KX962/h/Wwjteg=
golang.org/x/xerrors v0.0.0-20191204190536-9bdfabe68543 h1:E7g+9GITq07hpfrRu66IVDexMakfv52eLZ2CXBWiKr4=
golang.org/x/xerrors v0.0.0-20191204190536-9bdfabe68543/go.mod h1:I/5z698sn9Ka8TeJc9MKroUUfqBBauWjQqLJ2OPfmY0=
google.golang.org/protobuf v1.26.0-rc.1/go.mod h1:jlhhOSvTdKEhbULTjvd4ARK9grFBp09yW+WbY/TyQbw=
google.golang.org/protobuf v1.27.1 h1:SnqbnDw1V7RiZcXPx5MEeqPv2s79L9i7BJUlG/+RurQ=
google.golang.org/protobuf v1.27.1/go.mod h1:9q0QmTI4eRPtz6boOQmLYwt+qCgq0jsYwAQnmE0givc=
gopkg.in/check.v1 v0.0.0-20161208181325-20d25e280405/go.mod h1:Co6ibVJAznAaIkqp8huTwlJQCZ016jof/cbN4VW5Yz0=
gopkg.in/check.v1 v1.0.0-20201130134442-10cb98267c6c h1:Hei/4ADfdWqJk1ZMxUNpqntNwaWcugrBjAiHlqqRiVk=
gopkg.in/check.v1 v1.0.0-20201130134442-10cb98267c6c/go.mod h1:JHkPIbrfpd72SG/EVd6muEfDQjcINNoR0C8j2r3qZ4Q=
gopkg.in/yaml.v3 v3.0.0-20200313102051-9f266ea9e77c h1:dUUwHk2QECo/6vqA44rthZ8ie2QXMNeKRTHCNY2nXvo=
gopkg.in/yaml.v3 v3.0.0-20200313102051-9f266ea9e77c/go.mod h1:K4uyk7z7BCEPqu6E+C64Yfv1cQ7kz7rIZviUmN+EgEM=
